
Microsoft Visual Studio Solution File, Format Version 12.00
# Visual Studio 14
VisualStudioVersion = 14.0.25420.1
MinimumVisualStudioVersion = 10.0.40219.1
Project("{FAE04EC0-301F-11D3-BF4B-00C04F79EFBC}") = "serfid.Contracts", "serfid.Interfaces\serfid.Contracts.csproj", "{41EF4300-FEFF-411B-9647-C187018D35E7}"
EndProject
Project("{2150E333-8FDC-42A3-9474-1A3956D46DE8}") = "1.6 Infraestructure", "1.6 Infraestructure", "{8D668BF1-9724-4FB1-87CE-ADD34689869D}"
EndProject
Project("{2150E333-8FDC-42A3-9474-1A3956D46DE8}") = "1.4.1 Listener", "1.4.1 Listener", "{31938BA6-F116-4329-A28B-1C51B225A3AC}"
EndProject
Project("{FAE04EC0-301F-11D3-BF4B-00C04F79EFBC}") = "serfid.Listener", "serfid.Listener\serfid.Listener.csproj", "{8BBDE004-0DC8-47D6-941B-F3CFA5AA971B}"
EndProject
Project("{FAE04EC0-301F-11D3-BF4B-00C04F79EFBC}") = "serfid.Listener.Test", "serfid.Listener.Test\serfid.Listener.Test.csproj", "{4BCCDA71-7BA3-45D6-8055-048AEB5E0EEE}"
EndProject
Project("{2150E333-8FDC-42A3-9474-1A3956D46DE8}") = "0 - Modeling and design", "0 - Modeling and design", "{A0B08B99-4625-4580-9E08-D7603A34CA42}"
EndProject
Project("{2150E333-8FDC-42A3-9474-1A3956D46DE8}") = "1 - Layers", "1 - Layers", "{DAFDB99D-8AB4-4605-AA4B-12630B4FB1BF}"
EndProject
Project("{2150E333-8FDC-42A3-9474-1A3956D46DE8}") = "2 - Database", "2 - Database", "{2F37E98C-F025-422D-B2F4-87BF7F44C242}"
EndProject
Project("{2150E333-8FDC-42A3-9474-1A3956D46DE8}") = "3 - Solution items", "3 - Solution items", "{6343601B-F732-4F1B-B3AD-12ABDD3DF646}"
	ProjectSection(SolutionItems) = preProject
		SolutionItems\EntityFramework.dll = SolutionItems\EntityFramework.dll
		SolutionItems\EntityFramework.SqlServer.dll = SolutionItems\EntityFramework.SqlServer.dll
		SolutionItems\Moq.dll = SolutionItems\Moq.dll
		SolutionItems\Ninject.dll = SolutionItems\Ninject.dll
	EndProjectSection
EndProject
Project("{2150E333-8FDC-42A3-9474-1A3956D46DE8}") = "1.1 Presentation", "1.1 Presentation", "{BC636FAB-CC24-4AE8-8EA8-68A69F1B0CA9}"
EndProject
Project("{2150E333-8FDC-42A3-9474-1A3956D46DE8}") = "1.2 Distributed services", "1.2 Distributed services", "{E10B91F3-032A-4311-B656-D15E9941CDD1}"
EndProject
Project("{2150E333-8FDC-42A3-9474-1A3956D46DE8}") = "1.3 Aplication", "1.3 Aplication", "{664B76E0-45BC-4127-9D61-223E58CC9D58}"
EndProject
Project("{2150E333-8FDC-42A3-9474-1A3956D46DE8}") = "1.4 Domain", "1.4 Domain", "{E4322CAD-35DA-4F7C-8BB8-24BD02A5E644}"
EndProject
Project("{2150E333-8FDC-42A3-9474-1A3956D46DE8}") = "1.6.1 Contracts", "1.6.1 Contracts", "{4F5E8297-BD8D-4505-BC9E-EA41FBF02FDB}"
EndProject
Project("{2150E333-8FDC-42A3-9474-1A3956D46DE8}") = "1.3.1 MainModule", "1.3.1 MainModule", "{8EB85039-4FBD-40A0-91D5-763F74CF8E2A}"
EndProject
Project("{FAE04EC0-301F-11D3-BF4B-00C04F79EFBC}") = "serfid.MainModule", "serfid.MainModule\serfid.MainModule.csproj", "{70A361D3-0198-41EC-B8B6-912D50D7FBFA}"
EndProject
Project("{FAE04EC0-301F-11D3-BF4B-00C04F79EFBC}") = "serfid.MainModule.Test", "serfid.MainModule.Test\serfid.MainModule.Test.csproj", "{B4FF3EFE-3CD7-4390-8556-5AAE255CF567}"
EndProject
Project("{2150E333-8FDC-42A3-9474-1A3956D46DE8}") = "1.6.2 Core", "1.6.2 Core", "{1F6117AC-4EBD-4B83-A355-0C806966D58C}"
EndProject
Project("{FAE04EC0-301F-11D3-BF4B-00C04F79EFBC}") = "serfid.InfraestructureCore", "serfid.InfraestructureCore\serfid.InfraestructureCore.csproj", "{F5F41E25-CE28-45BE-BB15-C8C28A75B9E4}"
EndProject
Project("{2150E333-8FDC-42A3-9474-1A3956D46DE8}") = "1.2.1 Console", "1.2.1 Console", "{911D98D6-7D7F-4F77-BFA6-BBAA47AB253F}"
EndProject
Project("{FAE04EC0-301F-11D3-BF4B-00C04F79EFBC}") = "serfid.Console", "serfid.Console\serfid.Console.csproj", "{E472E425-D7AD-46BA-B2F2-E08EAA509B42}"
EndProject
Project("{2150E333-8FDC-42A3-9474-1A3956D46DE8}") = "1.4.2 Filter", "1.4.2 Filter", "{1BDFF8E6-42FE-4788-B3B3-0F8DC87EC267}"
EndProject
Project("{FAE04EC0-301F-11D3-BF4B-00C04F79EFBC}") = "serfid.Filter", "serfid.Filter\serfid.Filter.csproj", "{BAD6298B-560E-442A-B1F0-3D5D7F8B2B9D}"
EndProject
Project("{FAE04EC0-301F-11D3-BF4B-00C04F79EFBC}") = "serfid.Filter.Test", "serfid.Filter.Test\serfid.Filter.Test.csproj", "{99075C68-BF8D-46D9-8FDE-88D2BACA7BA9}"
EndProject
Project("{2150E333-8FDC-42A3-9474-1A3956D46DE8}") = "1.4.3 Storage", "1.4.3 Storage", "{3939DAA0-A90D-4AC1-9AE7-C8D20FF7CBDF}"
EndProject
Project("{FAE04EC0-301F-11D3-BF4B-00C04F79EFBC}") = "serfid.Storage", "serfid.Storage\serfid.Storage.csproj", "{696C8EBB-B96E-4568-8F75-5683C9566905}"
EndProject
Project("{FAE04EC0-301F-11D3-BF4B-00C04F79EFBC}") = "serfid.Storage.Test", "serfid.Storage.Test\serfid.Storage.Test.csproj", "{0FF3DBFA-5131-49BA-AAC7-79AB53B74104}"
EndProject
Project("{2150E333-8FDC-42A3-9474-1A3956D46DE8}") = "2.1 SqlServer", "2.1 SqlServer", "{09049AF1-6525-44C3-991D-3322870DE946}"
EndProject
Project("{00D1A9C2-B5F0-4AF3-8072-F6C62B433612}") = "serfid.Database.SqlServer", "serfid.Database.SqlServer\serfid.Database.SqlServer.sqlproj", "{D9F62BA0-8344-4AAD-80C5-CB9F4D0EA9AF}"
EndProject
Project("{2150E333-8FDC-42A3-9474-1A3956D46DE8}") = "1.5 DataAccess", "1.5 DataAccess", "{DA76251B-B186-4580-AD23-23799CDF9C38}"
EndProject
Project("{2150E333-8FDC-42A3-9474-1A3956D46DE8}") = "1.5.1 SqlServerEntityFramework", "1.5.1 SqlServerEntityFramework", "{7C149652-C8DA-4BDF-B859-71AFAF6DCCE1}"
EndProject
Project("{FAE04EC0-301F-11D3-BF4B-00C04F79EFBC}") = "serfid.DataAccess.SqlServerEF", "serfid.DataAccess.SqlServerEF\serfid.DataAccess.SqlServerEF.csproj", "{BE5A0066-69E2-4015-B1A4-FFA109EF7AAF}"
EndProject
Project("{2150E333-8FDC-42A3-9474-1A3956D46DE8}") = "1.5.2 Oracle", "1.5.2 Oracle", "{D0D96B0E-E32F-48A3-9755-47BF190D87E7}"
EndProject
Project("{2150E333-8FDC-42A3-9474-1A3956D46DE8}") = "1.4.4 User", "1.4.4 User", "{88CAA820-D4E9-4347-8E87-CB80E7F80813}"
EndProject
Project("{FAE04EC0-301F-11D3-BF4B-00C04F79EFBC}") = "serfid.User", "serfid.User\serfid.User.csproj", "{E25A5309-9934-4D45-BAD1-0EDBCE892D34}"
EndProject
Project("{FAE04EC0-301F-11D3-BF4B-00C04F79EFBC}") = "serfid.User.Test", "serfid.User.Test\serfid.User.Test.csproj", "{F3CA1A15-62FC-485E-ABEC-3F512697301E}"
EndProject
Project("{F088123C-0E9E-452A-89E6-6BA2F21D5CAC}") = "serfid.Architecture", "serfid.Architecture\serfid.Architecture.modelproj", "{5233F9DA-6F16-4C5B-930A-5AA01FB66134}"
EndProject
Project("{2150E333-8FDC-42A3-9474-1A3956D46DE8}") = "1.5.3 MongoDB", "1.5.3 MongoDB", "{69F58AC5-CF50-4EB3-844F-D611D6270629}"
EndProject
Project("{FAE04EC0-301F-11D3-BF4B-00C04F79EFBC}") = "serfid.DataAccess.MongoDB", "serfid.DataAccess.MongoDB\serfid.DataAccess.MongoDB.csproj", "{A1BB79FB-1429-4503-B4F7-E981C9F51D5E}"
EndProject
Project("{2150E333-8FDC-42A3-9474-1A3956D46DE8}") = "1.2.2 SerfidService", "1.2.2 SerfidService", "{7EF3A7AA-B2C1-4833-89BF-1128F421F066}"
EndProject
Project("{FAE04EC0-301F-11D3-BF4B-00C04F79EFBC}") = "serfid.Service", "serfid.Service\serfid.Service.csproj", "{1EAE3F51-BCDC-4B6E-9588-E9486BDBB3C6}"
EndProject
Project("{2150E333-8FDC-42A3-9474-1A3956D46DE8}") = "1.2.3 Rest", "1.2.3 Rest", "{312DBB3F-111B-4349-8BE7-866DD3CFC63C}"
EndProject
Project("{FAE04EC0-301F-11D3-BF4B-00C04F79EFBC}") = "serfid.Service.Test", "serfid.Service.Test\serfid.Service.Test.csproj", "{42C51BE8-28E0-40DD-B875-4C864D36D088}"
EndProject
Project("{FAE04EC0-301F-11D3-BF4B-00C04F79EFBC}") = "serfid.DataAccess.MongoDB.Test", "serfid.DataAccess.MongoDB.Test\serfid.DataAccess.MongoDB.Test.csproj", "{4BFE1673-02F8-4A8E-A53B-47E2B872562B}"
EndProject
Project("{2150E333-8FDC-42A3-9474-1A3956D46DE8}") = "1.1.1 WinForms", "1.1.1 WinForms", "{791983FA-D253-48A3-862A-E5476AEBF0F7}"
EndProject
Project("{2150E333-8FDC-42A3-9474-1A3956D46DE8}") = "1.1.2 NodeJs", "1.1.2 NodeJs", "{A2C1A5B8-E165-457B-8D3B-2C69F95BB73F}"
EndProject
Project("{FAE04EC0-301F-11D3-BF4B-00C04F79EFBC}") = "serfid.Presentation.RegisterDevices", "serfid.Presentation.RegisterDevices\serfid.Presentation.RegisterDevices.csproj", "{1E312A18-7063-42F7-A9D9-5FC0DC390096}"
EndProject
Global
	GlobalSection(SolutionConfigurationPlatforms) = preSolution
		Debug|Any CPU = Debug|Any CPU
		Release|Any CPU = Release|Any CPU
	EndGlobalSection
	GlobalSection(ProjectConfigurationPlatforms) = postSolution
		{41EF4300-FEFF-411B-9647-C187018D35E7}.Debug|Any CPU.ActiveCfg = Debug|Any CPU
		{41EF4300-FEFF-411B-9647-C187018D35E7}.Debug|Any CPU.Build.0 = Debug|Any CPU
		{41EF4300-FEFF-411B-9647-C187018D35E7}.Release|Any CPU.ActiveCfg = Release|Any CPU
		{41EF4300-FEFF-411B-9647-C187018D35E7}.Release|Any CPU.Build.0 = Release|Any CPU
		{8BBDE004-0DC8-47D6-941B-F3CFA5AA971B}.Debug|Any CPU.ActiveCfg = Debug|Any CPU
		{8BBDE004-0DC8-47D6-941B-F3CFA5AA971B}.Debug|Any CPU.Build.0 = Debug|Any CPU
		{8BBDE004-0DC8-47D6-941B-F3CFA5AA971B}.Release|Any CPU.ActiveCfg = Release|Any CPU
		{8BBDE004-0DC8-47D6-941B-F3CFA5AA971B}.Release|Any CPU.Build.0 = Release|Any CPU
		{4BCCDA71-7BA3-45D6-8055-048AEB5E0EEE}.Debug|Any CPU.ActiveCfg = Debug|Any CPU
		{4BCCDA71-7BA3-45D6-8055-048AEB5E0EEE}.Debug|Any CPU.Build.0 = Debug|Any CPU
		{4BCCDA71-7BA3-45D6-8055-048AEB5E0EEE}.Release|Any CPU.ActiveCfg = Release|Any CPU
		{4BCCDA71-7BA3-45D6-8055-048AEB5E0EEE}.Release|Any CPU.Build.0 = Release|Any CPU
		{70A361D3-0198-41EC-B8B6-912D50D7FBFA}.Debug|Any CPU.ActiveCfg = Debug|Any CPU
		{70A361D3-0198-41EC-B8B6-912D50D7FBFA}.Debug|Any CPU.Build.0 = Debug|Any CPU
		{70A361D3-0198-41EC-B8B6-912D50D7FBFA}.Release|Any CPU.ActiveCfg = Release|Any CPU
		{70A361D3-0198-41EC-B8B6-912D50D7FBFA}.Release|Any CPU.Build.0 = Release|Any CPU
		{B4FF3EFE-3CD7-4390-8556-5AAE255CF567}.Debug|Any CPU.ActiveCfg = Debug|Any CPU
		{B4FF3EFE-3CD7-4390-8556-5AAE255CF567}.Debug|Any CPU.Build.0 = Debug|Any CPU
		{B4FF3EFE-3CD7-4390-8556-5AAE255CF567}.Release|Any CPU.ActiveCfg = Release|Any CPU
		{B4FF3EFE-3CD7-4390-8556-5AAE255CF567}.Release|Any CPU.Build.0 = Release|Any CPU
		{F5F41E25-CE28-45BE-BB15-C8C28A75B9E4}.Debug|Any CPU.ActiveCfg = Debug|Any CPU
		{F5F41E25-CE28-45BE-BB15-C8C28A75B9E4}.Debug|Any CPU.Build.0 = Debug|Any CPU
		{F5F41E25-CE28-45BE-BB15-C8C28A75B9E4}.Release|Any CPU.ActiveCfg = Release|Any CPU
		{F5F41E25-CE28-45BE-BB15-C8C28A75B9E4}.Release|Any CPU.Build.0 = Release|Any CPU
		{E472E425-D7AD-46BA-B2F2-E08EAA509B42}.Debug|Any CPU.ActiveCfg = Debug|Any CPU
		{E472E425-D7AD-46BA-B2F2-E08EAA509B42}.Debug|Any CPU.Build.0 = Debug|Any CPU
		{E472E425-D7AD-46BA-B2F2-E08EAA509B42}.Release|Any CPU.ActiveCfg = Release|Any CPU
		{E472E425-D7AD-46BA-B2F2-E08EAA509B42}.Release|Any CPU.Build.0 = Release|Any CPU
		{BAD6298B-560E-442A-B1F0-3D5D7F8B2B9D}.Debug|Any CPU.ActiveCfg = Debug|Any CPU
		{BAD6298B-560E-442A-B1F0-3D5D7F8B2B9D}.Debug|Any CPU.Build.0 = Debug|Any CPU
		{BAD6298B-560E-442A-B1F0-3D5D7F8B2B9D}.Release|Any CPU.ActiveCfg = Release|Any CPU
		{BAD6298B-560E-442A-B1F0-3D5D7F8B2B9D}.Release|Any CPU.Build.0 = Release|Any CPU
		{99075C68-BF8D-46D9-8FDE-88D2BACA7BA9}.Debug|Any CPU.ActiveCfg = Debug|Any CPU
		{99075C68-BF8D-46D9-8FDE-88D2BACA7BA9}.Debug|Any CPU.Build.0 = Debug|Any CPU
		{99075C68-BF8D-46D9-8FDE-88D2BACA7BA9}.Release|Any CPU.ActiveCfg = Release|Any CPU
		{99075C68-BF8D-46D9-8FDE-88D2BACA7BA9}.Release|Any CPU.Build.0 = Release|Any CPU
		{696C8EBB-B96E-4568-8F75-5683C9566905}.Debug|Any CPU.ActiveCfg = Debug|Any CPU
		{696C8EBB-B96E-4568-8F75-5683C9566905}.Debug|Any CPU.Build.0 = Debug|Any CPU
		{696C8EBB-B96E-4568-8F75-5683C9566905}.Release|Any CPU.ActiveCfg = Release|Any CPU
		{696C8EBB-B96E-4568-8F75-5683C9566905}.Release|Any CPU.Build.0 = Release|Any CPU
		{0FF3DBFA-5131-49BA-AAC7-79AB53B74104}.Debug|Any CPU.ActiveCfg = Debug|Any CPU
		{0FF3DBFA-5131-49BA-AAC7-79AB53B74104}.Debug|Any CPU.Build.0 = Debug|Any CPU
		{0FF3DBFA-5131-49BA-AAC7-79AB53B74104}.Release|Any CPU.ActiveCfg = Release|Any CPU
		{0FF3DBFA-5131-49BA-AAC7-79AB53B74104}.Release|Any CPU.Build.0 = Release|Any CPU
		{D9F62BA0-8344-4AAD-80C5-CB9F4D0EA9AF}.Debug|Any CPU.ActiveCfg = Debug|Any CPU
		{D9F62BA0-8344-4AAD-80C5-CB9F4D0EA9AF}.Debug|Any CPU.Build.0 = Debug|Any CPU
		{D9F62BA0-8344-4AAD-80C5-CB9F4D0EA9AF}.Debug|Any CPU.Deploy.0 = Debug|Any CPU
		{D9F62BA0-8344-4AAD-80C5-CB9F4D0EA9AF}.Release|Any CPU.ActiveCfg = Release|Any CPU
		{D9F62BA0-8344-4AAD-80C5-CB9F4D0EA9AF}.Release|Any CPU.Build.0 = Release|Any CPU
		{D9F62BA0-8344-4AAD-80C5-CB9F4D0EA9AF}.Release|Any CPU.Deploy.0 = Release|Any CPU
		{BE5A0066-69E2-4015-B1A4-FFA109EF7AAF}.Debug|Any CPU.ActiveCfg = Debug|Any CPU
		{BE5A0066-69E2-4015-B1A4-FFA109EF7AAF}.Debug|Any CPU.Build.0 = Debug|Any CPU
		{BE5A0066-69E2-4015-B1A4-FFA109EF7AAF}.Release|Any CPU.ActiveCfg = Release|Any CPU
		{BE5A0066-69E2-4015-B1A4-FFA109EF7AAF}.Release|Any CPU.Build.0 = Release|Any CPU
		{E25A5309-9934-4D45-BAD1-0EDBCE892D34}.Debug|Any CPU.ActiveCfg = Debug|Any CPU
		{E25A5309-9934-4D45-BAD1-0EDBCE892D34}.Debug|Any CPU.Build.0 = Debug|Any CPU
		{E25A5309-9934-4D45-BAD1-0EDBCE892D34}.Release|Any CPU.ActiveCfg = Release|Any CPU
		{E25A5309-9934-4D45-BAD1-0EDBCE892D34}.Release|Any CPU.Build.0 = Release|Any CPU
		{F3CA1A15-62FC-485E-ABEC-3F512697301E}.Debug|Any CPU.ActiveCfg = Debug|Any CPU
		{F3CA1A15-62FC-485E-ABEC-3F512697301E}.Debug|Any CPU.Build.0 = Debug|Any CPU
		{F3CA1A15-62FC-485E-ABEC-3F512697301E}.Release|Any CPU.ActiveCfg = Release|Any CPU
		{F3CA1A15-62FC-485E-ABEC-3F512697301E}.Release|Any CPU.Build.0 = Release|Any CPU
		{5233F9DA-6F16-4C5B-930A-5AA01FB66134}.Debug|Any CPU.ActiveCfg = Debug|Any CPU
		{5233F9DA-6F16-4C5B-930A-5AA01FB66134}.Debug|Any CPU.Build.0 = Debug|Any CPU
		{5233F9DA-6F16-4C5B-930A-5AA01FB66134}.Release|Any CPU.ActiveCfg = Release|Any CPU
		{5233F9DA-6F16-4C5B-930A-5AA01FB66134}.Release|Any CPU.Build.0 = Release|Any CPU
		{A1BB79FB-1429-4503-B4F7-E981C9F51D5E}.Debug|Any CPU.ActiveCfg = Debug|Any CPU
		{A1BB79FB-1429-4503-B4F7-E981C9F51D5E}.Debug|Any CPU.Build.0 = Debug|Any CPU
		{A1BB79FB-1429-4503-B4F7-E981C9F51D5E}.Release|Any CPU.ActiveCfg = Release|Any CPU
		{A1BB79FB-1429-4503-B4F7-E981C9F51D5E}.Release|Any CPU.Build.0 = Release|Any CPU
		{1EAE3F51-BCDC-4B6E-9588-E9486BDBB3C6}.Debug|Any CPU.ActiveCfg = Debug|Any CPU
		{1EAE3F51-BCDC-4B6E-9588-E9486BDBB3C6}.Debug|Any CPU.Build.0 = Debug|Any CPU
		{1EAE3F51-BCDC-4B6E-9588-E9486BDBB3C6}.Release|Any CPU.ActiveCfg = Release|Any CPU
		{1EAE3F51-BCDC-4B6E-9588-E9486BDBB3C6}.Release|Any CPU.Build.0 = Release|Any CPU
		{42C51BE8-28E0-40DD-B875-4C864D36D088}.Debug|Any CPU.ActiveCfg = Debug|Any CPU
		{42C51BE8-28E0-40DD-B875-4C864D36D088}.Debug|Any CPU.Build.0 = Debug|Any CPU
		{42C51BE8-28E0-40DD-B875-4C864D36D088}.Release|Any CPU.ActiveCfg = Release|Any CPU
		{42C51BE8-28E0-40DD-B875-4C864D36D088}.Release|Any CPU.Build.0 = Release|Any CPU
		{4BFE1673-02F8-4A8E-A53B-47E2B872562B}.Debug|Any CPU.ActiveCfg = Debug|Any CPU
		{4BFE1673-02F8-4A8E-A53B-47E2B872562B}.Debug|Any CPU.Build.0 = Debug|Any CPU
		{4BFE1673-02F8-4A8E-A53B-47E2B872562B}.Release|Any CPU.ActiveCfg = Release|Any CPU
		{4BFE1673-02F8-4A8E-A53B-47E2B872562B}.Release|Any CPU.Build.0 = Release|Any CPU
		{1E312A18-7063-42F7-A9D9-5FC0DC390096}.Debug|Any CPU.ActiveCfg = Debug|Any CPU
		{1E312A18-7063-42F7-A9D9-5FC0DC390096}.Debug|Any CPU.Build.0 = Debug|Any CPU
		{1E312A18-7063-42F7-A9D9-5FC0DC390096}.Release|Any CPU.ActiveCfg = Release|Any CPU
		{1E312A18-7063-42F7-A9D9-5FC0DC390096}.Release|Any CPU.Build.0 = Release|Any CPU
	EndGlobalSection
	GlobalSection(SolutionProperties) = preSolution
		HideSolutionNode = FALSE
	EndGlobalSection
	GlobalSection(NestedProjects) = preSolution
		{41EF4300-FEFF-411B-9647-C187018D35E7} = {4F5E8297-BD8D-4505-BC9E-EA41FBF02FDB}
		{8D668BF1-9724-4FB1-87CE-ADD34689869D} = {DAFDB99D-8AB4-4605-AA4B-12630B4FB1BF}
		{31938BA6-F116-4329-A28B-1C51B225A3AC} = {E4322CAD-35DA-4F7C-8BB8-24BD02A5E644}
		{8BBDE004-0DC8-47D6-941B-F3CFA5AA971B} = {31938BA6-F116-4329-A28B-1C51B225A3AC}
		{4BCCDA71-7BA3-45D6-8055-048AEB5E0EEE} = {31938BA6-F116-4329-A28B-1C51B225A3AC}
		{BC636FAB-CC24-4AE8-8EA8-68A69F1B0CA9} = {DAFDB99D-8AB4-4605-AA4B-12630B4FB1BF}
		{E10B91F3-032A-4311-B656-D15E9941CDD1} = {DAFDB99D-8AB4-4605-AA4B-12630B4FB1BF}
		{664B76E0-45BC-4127-9D61-223E58CC9D58} = {DAFDB99D-8AB4-4605-AA4B-12630B4FB1BF}
		{E4322CAD-35DA-4F7C-8BB8-24BD02A5E644} = {DAFDB99D-8AB4-4605-AA4B-12630B4FB1BF}
		{4F5E8297-BD8D-4505-BC9E-EA41FBF02FDB} = {8D668BF1-9724-4FB1-87CE-ADD34689869D}
		{8EB85039-4FBD-40A0-91D5-763F74CF8E2A} = {664B76E0-45BC-4127-9D61-223E58CC9D58}
		{70A361D3-0198-41EC-B8B6-912D50D7FBFA} = {8EB85039-4FBD-40A0-91D5-763F74CF8E2A}
		{B4FF3EFE-3CD7-4390-8556-5AAE255CF567} = {8EB85039-4FBD-40A0-91D5-763F74CF8E2A}
		{1F6117AC-4EBD-4B83-A355-0C806966D58C} = {8D668BF1-9724-4FB1-87CE-ADD34689869D}
		{F5F41E25-CE28-45BE-BB15-C8C28A75B9E4} = {1F6117AC-4EBD-4B83-A355-0C806966D58C}
		{911D98D6-7D7F-4F77-BFA6-BBAA47AB253F} = {E10B91F3-032A-4311-B656-D15E9941CDD1}
		{E472E425-D7AD-46BA-B2F2-E08EAA509B42} = {911D98D6-7D7F-4F77-BFA6-BBAA47AB253F}
		{1BDFF8E6-42FE-4788-B3B3-0F8DC87EC267} = {E4322CAD-35DA-4F7C-8BB8-24BD02A5E644}
		{BAD6298B-560E-442A-B1F0-3D5D7F8B2B9D} = {1BDFF8E6-42FE-4788-B3B3-0F8DC87EC267}
		{99075C68-BF8D-46D9-8FDE-88D2BACA7BA9} = {1BDFF8E6-42FE-4788-B3B3-0F8DC87EC267}
		{3939DAA0-A90D-4AC1-9AE7-C8D20FF7CBDF} = {E4322CAD-35DA-4F7C-8BB8-24BD02A5E644}
		{696C8EBB-B96E-4568-8F75-5683C9566905} = {3939DAA0-A90D-4AC1-9AE7-C8D20FF7CBDF}
		{0FF3DBFA-5131-49BA-AAC7-79AB53B74104} = {3939DAA0-A90D-4AC1-9AE7-C8D20FF7CBDF}
		{09049AF1-6525-44C3-991D-3322870DE946} = {2F37E98C-F025-422D-B2F4-87BF7F44C242}
		{D9F62BA0-8344-4AAD-80C5-CB9F4D0EA9AF} = {09049AF1-6525-44C3-991D-3322870DE946}
		{DA76251B-B186-4580-AD23-23799CDF9C38} = {DAFDB99D-8AB4-4605-AA4B-12630B4FB1BF}
		{7C149652-C8DA-4BDF-B859-71AFAF6DCCE1} = {DA76251B-B186-4580-AD23-23799CDF9C38}
		{BE5A0066-69E2-4015-B1A4-FFA109EF7AAF} = {7C149652-C8DA-4BDF-B859-71AFAF6DCCE1}
		{D0D96B0E-E32F-48A3-9755-47BF190D87E7} = {DA76251B-B186-4580-AD23-23799CDF9C38}
		{88CAA820-D4E9-4347-8E87-CB80E7F80813} = {E4322CAD-35DA-4F7C-8BB8-24BD02A5E644}
		{E25A5309-9934-4D45-BAD1-0EDBCE892D34} = {88CAA820-D4E9-4347-8E87-CB80E7F80813}
		{F3CA1A15-62FC-485E-ABEC-3F512697301E} = {88CAA820-D4E9-4347-8E87-CB80E7F80813}
		{5233F9DA-6F16-4C5B-930A-5AA01FB66134} = {A0B08B99-4625-4580-9E08-D7603A34CA42}
		{69F58AC5-CF50-4EB3-844F-D611D6270629} = {DA76251B-B186-4580-AD23-23799CDF9C38}
		{A1BB79FB-1429-4503-B4F7-E981C9F51D5E} = {69F58AC5-CF50-4EB3-844F-D611D6270629}
		{7EF3A7AA-B2C1-4833-89BF-1128F421F066} = {E10B91F3-032A-4311-B656-D15E9941CDD1}
		{1EAE3F51-BCDC-4B6E-9588-E9486BDBB3C6} = {7EF3A7AA-B2C1-4833-89BF-1128F421F066}
		{312DBB3F-111B-4349-8BE7-866DD3CFC63C} = {E10B91F3-032A-4311-B656-D15E9941CDD1}
		{42C51BE8-28E0-40DD-B875-4C864D36D088} = {7EF3A7AA-B2C1-4833-89BF-1128F421F066}
		{4BFE1673-02F8-4A8E-A53B-47E2B872562B} = {69F58AC5-CF50-4EB3-844F-D611D6270629}
		{791983FA-D253-48A3-862A-E5476AEBF0F7} = {BC636FAB-CC24-4AE8-8EA8-68A69F1B0CA9}
		{A2C1A5B8-E165-457B-8D3B-2C69F95BB73F} = {BC636FAB-CC24-4AE8-8EA8-68A69F1B0CA9}
		{1E312A18-7063-42F7-A9D9-5FC0DC390096} = {791983FA-D253-48A3-862A-E5476AEBF0F7}
	EndGlobalSection
EndGlobal
